
Microsoft Visual Studio Solution File, Format Version 12.00
# Visual Studio Version 17
VisualStudioVersion = 17.8.34525.116
MinimumVisualStudioVersion = 10.0.40219.1
Project("{C9674DCB-5085-4A16-B785-4C70DD1589BD}") = "Laboratorio2", "Laboratorio2\Laboratorio2.dtproj", "{78066981-F9AD-48DD-BD87-5262D40C7422}"
EndProject
Global
	GlobalSection(SolutionConfigurationPlatforms) = preSolution
		Development|Default = Development|Default
	EndGlobalSection
	GlobalSection(ProjectConfigurationPlatforms) = postSolution
		{78066981-F9AD-48DD-BD87-5262D40C7422}.Development|Default.ActiveCfg = Development
		{78066981-F9AD-48DD-BD87-5262D40C7422}.Development|Default.Build.0 = Development
	EndGlobalSection
	GlobalSection(SolutionProperties) = preSolution
		HideSolutionNode = FALSE
	EndGlobalSection
	GlobalSection(ExtensibilityGlobals) = postSolution
		SolutionGuid = {27221A4F-CB7D-4CEA-B584-420437DF63F4}
	EndGlobalSection
EndGlobal
